// !$*UTF8*$!
{
	archiveVersion = 1;
	classes = {
	};
	objectVersion = 46;
	objects = {

/* Begin PBXBuildFile section */
		116509BE1A81102C0021C8F8 /* AppDelegate.swift in Sources */ = {isa = PBXBuildFile; fileRef = 116509BD1A81102C0021C8F8 /* AppDelegate.swift */; };
		116509C11A81102C0021C8F8 /* ExchangeAGram.xcdatamodeld in Sources */ = {isa = PBXBuildFile; fileRef = 116509BF1A81102C0021C8F8 /* ExchangeAGram.xcdatamodeld */; };
		116509C61A81102C0021C8F8 /* Main.storyboard in Resources */ = {isa = PBXBuildFile; fileRef = 116509C41A81102C0021C8F8 /* Main.storyboard */; };
		116509C81A81102C0021C8F8 /* Images.xcassets in Resources */ = {isa = PBXBuildFile; fileRef = 116509C71A81102C0021C8F8 /* Images.xcassets */; };
		116509CB1A81102C0021C8F8 /* LaunchScreen.xib in Resources */ = {isa = PBXBuildFile; fileRef = 116509C91A81102C0021C8F8 /* LaunchScreen.xib */; };
		116509D71A81102D0021C8F8 /* ExchangeAGramTests.swift in Sources */ = {isa = PBXBuildFile; fileRef = 116509D61A81102D0021C8F8 /* ExchangeAGramTests.swift */; };
		116509E31A8116880021C8F8 /* FeedCell.swift in Sources */ = {isa = PBXBuildFile; fileRef = 116509E21A8116880021C8F8 /* FeedCell.swift */; };
		11B410271A8118490066E99B /* FeedViewController.swift in Sources */ = {isa = PBXBuildFile; fileRef = 11B410261A8118490066E99B /* FeedViewController.swift */; };
/* End PBXBuildFile section */

/* Begin PBXContainerItemProxy section */
		116509D11A81102D0021C8F8 /* PBXContainerItemProxy */ = {
			isa = PBXContainerItemProxy;
			containerPortal = 116509B01A81102C0021C8F8 /* Project object */;
			proxyType = 1;
			remoteGlobalIDString = 116509B71A81102C0021C8F8;
			remoteInfo = ExchangeAGram;
		};
/* End PBXContainerItemProxy section */

/* Begin PBXFileReference section */
		116509B81A81102C0021C8F8 /* ExchangeAGram.app */ = {isa = PBXFileReference; explicitFileType = wrapper.application; includeInIndex = 0; path = ExchangeAGram.app; sourceTree = BUILT_PRODUCTS_DIR; };
		116509BC1A81102C0021C8F8 /* Info.plist */ = {isa = PBXFileReference; lastKnownFileType = text.plist.xml; path = Info.plist; sourceTree = "<group>"; };
		116509BD1A81102C0021C8F8 /* AppDelegate.swift */ = {isa = PBXFileReference; lastKnownFileType = sourcecode.swift; path = AppDelegate.swift; sourceTree = "<group>"; };
		116509C01A81102C0021C8F8 /* ExchangeAGram.xcdatamodel */ = {isa = PBXFileReference; lastKnownFileType = wrapper.xcdatamodel; path = ExchangeAGram.xcdatamodel; sourceTree = "<group>"; };
		116509C51A81102C0021C8F8 /* Base */ = {isa = PBXFileReference; lastKnownFileType = file.storyboard; name = Base; path = Base.lproj/Main.storyboard; sourceTree = "<group>"; };
		116509C71A81102C0021C8F8 /* Images.xcassets */ = {isa = PBXFileReference; lastKnownFileType = folder.assetcatalog; path = Images.xcassets; sourceTree = "<group>"; };
		116509CA1A81102C0021C8F8 /* Base */ = {isa = PBXFileReference; lastKnownFileType = file.xib; name = Base; path = Base.lproj/LaunchScreen.xib; sourceTree = "<group>"; };
		116509D01A81102D0021C8F8 /* ExchangeAGramTests.xctest */ = {isa = PBXFileReference; explicitFileType = wrapper.cfbundle; includeInIndex = 0; path = ExchangeAGramTests.xctest; sourceTree = BUILT_PRODUCTS_DIR; };
		116509D51A81102D0021C8F8 /* Info.plist */ = {isa = PBXFileReference; lastKnownFileType = text.plist.xml; path = Info.plist; sourceTree = "<group>"; };
		116509D61A81102D0021C8F8 /* ExchangeAGramTests.swift */ = {isa = PBXFileReference; lastKnownFileType = sourcecode.swift; path = ExchangeAGramTests.swift; sourceTree = "<group>"; };
		116509E21A8116880021C8F8 /* FeedCell.swift */ = {isa = PBXFileReference; fileEncoding = 4; lastKnownFileType = sourcecode.swift; path = FeedCell.swift; sourceTree = "<group>"; };
		11B410261A8118490066E99B /* FeedViewController.swift */ = {isa = PBXFileReference; fileEncoding = 4; lastKnownFileType = sourcecode.swift; path = FeedViewController.swift; sourceTree = "<group>"; };
/* End PBXFileReference section */

/* Begin PBXFrameworksBuildPhase section */
		116509B51A81102C0021C8F8 /* Frameworks */ = {
			isa = PBXFrameworksBuildPhase;
			buildActionMask = 2147483647;
			files = (
			);
			runOnlyForDeploymentPostprocessing = 0;
		};
		116509CD1A81102D0021C8F8 /* Frameworks */ = {
			isa = PBXFrameworksBuildPhase;
			buildActionMask = 2147483647;
			files = (
			);
			runOnlyForDeploymentPostprocessing = 0;
		};
/* End PBXFrameworksBuildPhase section */

/* Begin PBXGroup section */
		116509AF1A81102C0021C8F8 = {
			isa = PBXGroup;
			children = (
				116509BA1A81102C0021C8F8 /* ExchangeAGram */,
				116509D31A81102D0021C8F8 /* ExchangeAGramTests */,
				116509B91A81102C0021C8F8 /* Products */,
			);
			sourceTree = "<group>";
		};
		116509B91A81102C0021C8F8 /* Products */ = {
			isa = PBXGroup;
			children = (
				116509B81A81102C0021C8F8 /* ExchangeAGram.app */,
				116509D01A81102D0021C8F8 /* ExchangeAGramTests.xctest */,
			);
			name = Products;
			sourceTree = "<group>";
		};
		116509BA1A81102C0021C8F8 /* ExchangeAGram */ = {
			isa = PBXGroup;
			children = (
				116509BD1A81102C0021C8F8 /* AppDelegate.swift */,
				11B410261A8118490066E99B /* FeedViewController.swift */,
				116509E21A8116880021C8F8 /* FeedCell.swift */,
				116509C41A81102C0021C8F8 /* Main.storyboard */,
				116509C71A81102C0021C8F8 /* Images.xcassets */,
				116509C91A81102C0021C8F8 /* LaunchScreen.xib */,
				116509BF1A81102C0021C8F8 /* ExchangeAGram.xcdatamodeld */,
				116509BB1A81102C0021C8F8 /* Supporting Files */,
			);
			path = ExchangeAGram;
			sourceTree = "<group>";
		};
		116509BB1A81102C0021C8F8 /* Supporting Files */ = {
			isa = PBXGroup;
			children = (
				116509BC1A81102C0021C8F8 /* Info.plist */,
			);
			name = "Supporting Files";
			sourceTree = "<group>";
		};
		116509D31A81102D0021C8F8 /* ExchangeAGramTests */ = {
			isa = PBXGroup;
			children = (
				116509D61A81102D0021C8F8 /* ExchangeAGramTests.swift */,
				116509D41A81102D0021C8F8 /* Supporting Files */,
			);
			path = ExchangeAGramTests;
			sourceTree = "<group>";
		};
		116509D41A81102D0021C8F8 /* Supporting Files */ = {
			isa = PBXGroup;
			children = (
				116509D51A81102D0021C8F8 /* Info.plist */,
			);
			name = "Supporting Files";
			sourceTree = "<group>";
		};
/* End PBXGroup section */

/* Begin PBXNativeTarget section */
		116509B71A81102C0021C8F8 /* ExchangeAGram */ = {
			isa = PBXNativeTarget;
			buildConfigurationList = 116509DA1A81102D0021C8F8 /* Build configuration list for PBXNativeTarget "ExchangeAGram" */;
			buildPhases = (
				116509B41A81102C0021C8F8 /* Sources */,
				116509B51A81102C0021C8F8 /* Frameworks */,
				116509B61A81102C0021C8F8 /* Resources */,
			);
			buildRules = (
			);
			dependencies = (
			);
			name = ExchangeAGram;
			productName = ExchangeAGram;
			productReference = 116509B81A81102C0021C8F8 /* ExchangeAGram.app */;
			productType = "com.apple.product-type.application";
		};
		116509CF1A81102D0021C8F8 /* ExchangeAGramTests */ = {
			isa = PBXNativeTarget;
			buildConfigurationList = 116509DD1A81102D0021C8F8 /* Build configuration list for PBXNativeTarget "ExchangeAGramTests" */;
			buildPhases = (
				116509CC1A81102D0021C8F8 /* Sources */,
				116509CD1A81102D0021C8F8 /* Frameworks */,
				116509CE1A81102D0021C8F8 /* Resources */,
			);
			buildRules = (
			);
			dependencies = (
				116509D21A81102D0021C8F8 /* PBXTargetDependency */,
			);
			name = ExchangeAGramTests;
			productName = ExchangeAGramTests;
			productReference = 116509D01A81102D0021C8F8 /* ExchangeAGramTests.xctest */;
			productType = "com.apple.product-type.bundle.unit-test";
		};
/* End PBXNativeTarget section */

/* Begin PBXProject section */
		116509B01A81102C0021C8F8 /* Project object */ = {
			isa = PBXProject;
			attributes = {
				LastUpgradeCheck = 0620;
				ORGANIZATIONNAME = 1st1k;
				TargetAttributes = {
					116509B71A81102C0021C8F8 = {
						CreatedOnToolsVersion = 6.2;
					};
					116509CF1A81102D0021C8F8 = {
						CreatedOnToolsVersion = 6.2;
						TestTargetID = 116509B71A81102C0021C8F8;
					};
				};
			};
			buildConfigurationList = 116509B31A81102C0021C8F8 /* Build configuration list for PBXProject "ExchangeAGram" */;
			compatibilityVersion = "Xcode 3.2";
			developmentRegion = English;
			hasScannedForEncodings = 0;
			knownRegions = (
				en,
				Base,
			);
			mainGroup = 116509AF1A81102C0021C8F8;
			productRefGroup = 116509B91A81102C0021C8F8 /* Products */;
			projectDirPath = "";
			projectRoot = "";
			targets = (
				116509B71A81102C0021C8F8 /* ExchangeAGram */,
				116509CF1A81102D0021C8F8 /* ExchangeAGramTests */,
			);
		};
/* End PBXProject section */

/* Begin PBXResourcesBuildPhase section */
		116509B61A81102C0021C8F8 /* Resources */ = {
			isa = PBXResourcesBuildPhase;
			buildActionMask = 2147483647;
			files = (
				116509C61A81102C0021C8F8 /* Main.storyboard in Resources */,
				116509CB1A81102C0021C8F8 /* LaunchScreen.xib in Resources */,
				116509C81A81102C0021C8F8 /* Images.xcassets in Resources */,
			);
			runOnlyForDeploymentPostprocessing = 0;
		};
		116509CE1A81102D0021C8F8 /* Resources */ = {
			isa = PBXResourcesBuildPhase;
			buildActionMask = 2147483647;
			files = (
			);
			runOnlyForDeploymentPostprocessing = 0;
		};
/* End PBXResourcesBuildPhase section */

/* Begin PBXSourcesBuildPhase section */
		116509B41A81102C0021C8F8 /* Sources */ = {
			isa = PBXSourcesBuildPhase;
			buildActionMask = 2147483647;
			files = (
				116509BE1A81102C0021C8F8 /* AppDelegate.swift in Sources */,
				116509E31A8116880021C8F8 /* FeedCell.swift in Sources */,
				11B410271A8118490066E99B /* FeedViewController.swift in Sources */,
				116509C11A81102C0021C8F8 /* ExchangeAGram.xcdatamodeld in Sources */,
			);
			runOnlyForDeploymentPostprocessing = 0;
		};
		116509CC1A81102D0021C8F8 /* Sources */ = {
			isa = PBXSourcesBuildPhase;
			buildActionMask = 2147483647;
			files = (
				116509D71A81102D0021C8F8 /* ExchangeAGramTests.swift in Sources */,
			);
			runOnlyForDeploymentPostprocessing = 0;
		};
/* End PBXSourcesBuildPhase section */

/* Begin PBXTargetDependency section */
		116509D21A81102D0021C8F8 /* PBXTargetDependency */ = {
			isa = PBXTargetDependency;
			target = 116509B71A81102C0021C8F8 /* ExchangeAGram */;
			targetProxy = 116509D11A81102D0021C8F8 /* PBXContainerItemProxy */;
		};
/* End PBXTargetDependency section */

/* Begin PBXVariantGroup section */
		116509C41A81102C0021C8F8 /* Main.storyboard */ = {
			isa = PBXVariantGroup;
			children = (
				116509C51A81102C0021C8F8 /* Base */,
			);
			name = Main.storyboard;
			sourceTree = "<group>";
		};
		116509C91A81102C0021C8F8 /* LaunchScreen.xib */ = {
			isa = PBXVariantGroup;
			children = (
				116509CA1A81102C0021C8F8 /* Base */,
			);
			name = LaunchScreen.xib;
			sourceTree = "<group>";
		};
/* End PBXVariantGroup section */

/* Begin XCBuildConfiguration section */
		116509D81A81102D0021C8F8 /* Debug */ = {
			isa = XCBuildConfiguration;
			buildSettings = {
				ALWAYS_SEARCH_USER_PATHS = NO;
				CLANG_CXX_LANGUAGE_STANDARD = "gnu++0x";
				CLANG_CXX_LIBRARY = "libc++";
				CLANG_ENABLE_MODULES = YES;
				CLANG_ENABLE_OBJC_ARC = YES;
				CLANG_WARN_BOOL_CONVERSION = YES;
				CLANG_WARN_CONSTANT_CONVERSION = YES;
				CLANG_WARN_DIRECT_OBJC_ISA_USAGE = YES_ERROR;
				CLANG_WARN_EMPTY_BODY = YES;
				CLANG_WARN_ENUM_CONVERSION = YES;
				CLANG_WARN_INT_CONVERSION = YES;
				CLANG_WARN_OBJC_ROOT_CLASS = YES_ERROR;
				CLANG_WARN_UNREACHABLE_CODE = YES;
				CLANG_WARN__DUPLICATE_METHOD_MATCH = YES;
				"CODE_SIGN_IDENTITY[sdk=iphoneos*]" = "iPhone Developer";
				COPY_PHASE_STRIP = NO;
				ENABLE_STRICT_OBJC_MSGSEND = YES;
				GCC_C_LANGUAGE_STANDARD = gnu99;
				GCC_DYNAMIC_NO_PIC = NO;
				GCC_OPTIMIZATION_LEVEL = 0;
				GCC_PREPROCESSOR_DEFINITIONS = (
					"DEBUG=1",
					"$(inherited)",
				);
				GCC_SYMBOLS_PRIVATE_EXTERN = NO;
				GCC_WARN_64_TO_32_BIT_CONVERSION = YES;
				GCC_WARN_ABOUT_RETURN_TYPE = YES_ERROR;
				GCC_WARN_UNDECLARED_SELECTOR = YES;
				GCC_WARN_UNINITIALIZED_AUTOS = YES_AGGRESSIVE;
				GCC_WARN_UNUSED_FUNCTION = YES;
				GCC_WARN_UNUSED_VARIABLE = YES;
				IPHONEOS_DEPLOYMENT_TARGET = 8.2;
				MTL_ENABLE_DEBUG_INFO = YES;
				ONLY_ACTIVE_ARCH = YES;
				SDKROOT = iphoneos;
				SWIFT_OPTIMIZATION_LEVEL = "-Onone";
				TARGETED_DEVICE_FAMILY = "1,2";
			};
			name = Debug;
		};
		116509D91A81102D0021C8F8 /* Release */ = {
			isa = XCBuildConfiguration;
			buildSettings = {
				ALWAYS_SEARCH_USER_PATHS = NO;
				CLANG_CXX_LANGUAGE_STANDARD = "gnu++0x";
				CLANG_CXX_LIBRARY = "libc++";
				CLANG_ENABLE_MODULES = YES;
				CLANG_ENABLE_OBJC_ARC = YES;
				CLANG_WARN_BOOL_CONVERSION = YES;
				CLANG_WARN_CONSTANT_CONVERSION = YES;
				CLANG_WARN_DIRECT_OBJC_ISA_USAGE = YES_ERROR;
				CLANG_WARN_EMPTY_BODY = YES;
				CLANG_WARN_ENUM_CONVERSION = YES;
				CLANG_WARN_INT_CONVERSION = YES;
				CLANG_WARN_OBJC_ROOT_CLASS = YES_ERROR;
				CLANG_WARN_UNREACHABLE_CODE = YES;
				CLANG_WARN__DUPLICATE_METHOD_MATCH = YES;
				"CODE_SIGN_IDENTITY[sdk=iphoneos*]" = "iPhone Developer";
				COPY_PHASE_STRIP = NO;
				ENABLE_NS_ASSERTIONS = NO;
				ENABLE_STRICT_OBJC_MSGSEND = YES;
				GCC_C_LANGUAGE_STANDARD = gnu99;
				GCC_WARN_64_TO_32_BIT_CONVERSION = YES;
				GCC_WARN_ABOUT_RETURN_TYPE = YES_ERROR;
				GCC_WARN_UNDECLARED_SELECTOR = YES;
				GCC_WARN_UNINITIALIZED_AUTOS = YES_AGGRESSIVE;
				GCC_WARN_UNUSED_FUNCTION = YES;
				GCC_WARN_UNUSED_VARIABLE = YES;
				IPHONEOS_DEPLOYMENT_TARGET = 8.2;
				MTL_ENABLE_DEBUG_INFO = NO;
				SDKROOT = iphoneos;
				TARGETED_DEVICE_FAMILY = "1,2";
				VALIDATE_PRODUCT = YES;
			};
			name = Release;
		};
		116509DB1A81102D0021C8F8 /* Debug */ = {
			isa = XCBuildConfiguration;
			buildSettings = {
				ASSETCATALOG_COMPILER_APPICON_NAME = AppIcon;
				INFOPLIST_FILE = ExchangeAGram/Info.plist;
				IPHONEOS_DEPLOYMENT_TARGET = 8.0;
				LD_RUNPATH_SEARCH_PATHS = "$(inherited) @executable_path/Frameworks";
				PRODUCT_NAME = "$(TARGET_NAME)";
			};
			name = Debug;
		};
		116509DC1A81102D0021C8F8 /* Release */ = {
			isa = XCBuildConfiguration;
			buildSettings = {
				ASSETCATALOG_COMPILER_APPICON_NAME = AppIcon;
				INFOPLIST_FILE = ExchangeAGram/Info.plist;
				IPHONEOS_DEPLOYMENT_TARGET = 8.0;
				LD_RUNPATH_SEARCH_PATHS = "$(inherited) @executable_path/Frameworks";
				PRODUCT_NAME = "$(TARGET_NAME)";
			};
			name = Release;
		};
		116509DE1A81102D0021C8F8 /* Debug */ = {
			isa = XCBuildConfiguration;
			buildSettings = {
				BUNDLE_LOADER = "$(TEST_HOST)";
				FRAMEWORK_SEARCH_PATHS = (
					"$(SDKROOT)/Developer/Library/Frameworks",
					"$(inherited)",
				);
				GCC_PREPROCESSOR_DEFINITIONS = (
					"DEBUG=1",
					"$(inherited)",
				);
				INFOPLIST_FILE = ExchangeAGramTests/Info.plist;
				LD_RUNPATH_SEARCH_PATHS = "$(inherited) @executable_path/Frameworks @loader_path/Frameworks";
				PRODUCT_NAME = "$(TARGET_NAME)";
				TEST_HOST = "$(BUILT_PRODUCTS_DIR)/ExchangeAGram.app/ExchangeAGram";
			};
			name = Debug;
		};
		116509DF1A81102D0021C8F8 /* Release */ = {
			isa = XCBuildConfiguration;
			buildSettings = {
				BUNDLE_LOADER = "$(TEST_HOST)";
				FRAMEWORK_SEARCH_PATHS = (
					"$(SDKROOT)/Developer/Library/Frameworks",
					"$(inherited)",
				);
				INFOPLIST_FILE = ExchangeAGramTests/Info.plist;
				LD_RUNPATH_SEARCH_PATHS = "$(inherited) @executable_path/Frameworks @loader_path/Frameworks";
				PRODUCT_NAME = "$(TARGET_NAME)";
				TEST_HOST = "$(BUILT_PRODUCTS_DIR)/ExchangeAGram.app/ExchangeAGram";
			};
			name = Release;
		};
/* End XCBuildConfiguration section */

/* Begin XCConfigurationList section */
		116509B31A81102C0021C8F8 /* Build configuration list for PBXProject "ExchangeAGram" */ = {
			isa = XCConfigurationList;
			buildConfigurations = (
				116509D81A81102D0021C8F8 /* Debug */,
				116509D91A81102D0021C8F8 /* Release */,
			);
			defaultConfigurationIsVisible = 0;
			defaultConfigurationName = Release;
		};
		116509DA1A81102D0021C8F8 /* Build configuration list for PBXNativeTarget "ExchangeAGram" */ = {
			isa = XCConfigurationList;
			buildConfigurations = (
				116509DB1A81102D0021C8F8 /* Debug */,
				116509DC1A81102D0021C8F8 /* Release */,
			);
			defaultConfigurationIsVisible = 0;
			defaultConfigurationName = Release;
		};
		116509DD1A81102D0021C8F8 /* Build configuration list for PBXNativeTarget "ExchangeAGramTests" */ = {
			isa = XCConfigurationList;
			buildConfigurations = (
				116509DE1A81102D0021C8F8 /* Debug */,
				116509DF1A81102D0021C8F8 /* Release */,
			);
			defaultConfigurationIsVisible = 0;
			defaultConfigurationName = Release;
		};
/* End XCConfigurationList section */

/* Begin XCVersionGroup section */
		116509BF1A81102C0021C8F8 /* ExchangeAGram.xcdatamodeld */ = {
			isa = XCVersionGroup;
			children = (
				116509C01A81102C0021C8F8 /* ExchangeAGram.xcdatamodel */,
			);
			currentVersion = 116509C01A81102C0021C8F8 /* ExchangeAGram.xcdatamodel */;
			path = ExchangeAGram.xcdatamodeld;
			sourceTree = "<group>";
			versionGroupType = wrapper.xcdatamodel;
		};
/* End XCVersionGroup section */
	};
	rootObject = 116509B01A81102C0021C8F8 /* Project object */;
}
